
Microsoft Visual Studio Solution File, Format Version 12.00
# Visual Studio Version 16
VisualStudioVersion = 16.0.30907.101
MinimumVisualStudioVersion = 10.0.40219.1
Project("{8BC9CEB8-8B4A-11D0-8D11-00A0C91BC942}") = "SCFusion", "SCFusion_vc10.vcxproj", "{9F028A49-3F1C-527D-8A3B-B02716C5851E}"
EndProject
Project("{54435603-DBB4-11D2-8724-00A0C9A8B90C}") = "StarCraft Gambit Setup", "..\starcraft gambit setup\StarCraft Gambit Setup\StarCraft Gambit Setup.vdproj", "{FD9FFB84-2FCD-4167-93DB-463565286966}"
EndProject
Global
	GlobalSection(SolutionConfigurationPlatforms) = preSolution
		Debug|Win32 = Debug|Win32
		DLL Debug|Win32 = DLL Debug|Win32
		DLL Release|Win32 = DLL Release|Win32
		DLL Universal Debug|Win32 = DLL Universal Debug|Win32
		DLL Universal Release|Win32 = DLL Universal Release|Win32
		Release|Win32 = Release|Win32
		Universal Debug|Win32 = Universal Debug|Win32
		Universal Release|Win32 = Universal Release|Win32
	EndGlobalSection
	GlobalSection(ProjectConfigurationPlatforms) = postSolution
		{9F028A49-3F1C-527D-8A3B-B02716C5851E}.Debug|Win32.ActiveCfg = Debug|Win32
		{9F028A49-3F1C-527D-8A3B-B02716C5851E}.Debug|Win32.Build.0 = Debug|Win32
		{9F028A49-3F1C-527D-8A3B-B02716C5851E}.DLL Debug|Win32.ActiveCfg = DLL Debug|Win32
		{9F028A49-3F1C-527D-8A3B-B02716C5851E}.DLL Debug|Win32.Build.0 = DLL Debug|Win32
		{9F028A49-3F1C-527D-8A3B-B02716C5851E}.DLL Release|Win32.ActiveCfg = DLL Release|Win32
		{9F028A49-3F1C-527D-8A3B-B02716C5851E}.DLL Release|Win32.Build.0 = DLL Release|Win32
		{9F028A49-3F1C-527D-8A3B-B02716C5851E}.DLL Universal Debug|Win32.ActiveCfg = DLL Universal Debug|Win32
		{9F028A49-3F1C-527D-8A3B-B02716C5851E}.DLL Universal Debug|Win32.Build.0 = DLL Universal Debug|Win32
		{9F028A49-3F1C-527D-8A3B-B02716C5851E}.DLL Universal Release|Win32.ActiveCfg = DLL Universal Release|Win32
		{9F028A49-3F1C-527D-8A3B-B02716C5851E}.DLL Universal Release|Win32.Build.0 = DLL Universal Release|Win32
		{9F028A49-3F1C-527D-8A3B-B02716C5851E}.Release|Win32.ActiveCfg = Release|Win32
		{9F028A49-3F1C-527D-8A3B-B02716C5851E}.Release|Win32.Build.0 = Release|Win32
		{9F028A49-3F1C-527D-8A3B-B02716C5851E}.Universal Debug|Win32.ActiveCfg = Universal Debug|Win32
		{9F028A49-3F1C-527D-8A3B-B02716C5851E}.Universal Debug|Win32.Build.0 = Universal Debug|Win32
		{9F028A49-3F1C-527D-8A3B-B02716C5851E}.Universal Release|Win32.ActiveCfg = Universal Release|Win32
		{9F028A49-3F1C-527D-8A3B-B02716C5851E}.Universal Release|Win32.Build.0 = Universal Release|Win32
		{FD9FFB84-2FCD-4167-93DB-463565286966}.Debug|Win32.ActiveCfg = Debug
		{FD9FFB84-2FCD-4167-93DB-463565286966}.DLL Debug|Win32.ActiveCfg = Debug
		{FD9FFB84-2FCD-4167-93DB-463565286966}.DLL Release|Win32.ActiveCfg = Release
		{FD9FFB84-2FCD-4167-93DB-463565286966}.DLL Universal Debug|Win32.ActiveCfg = Debug
		{FD9FFB84-2FCD-4167-93DB-463565286966}.DLL Universal Release|Win32.ActiveCfg = Release
		{FD9FFB84-2FCD-4167-93DB-463565286966}.Release|Win32.ActiveCfg = Release
		{FD9FFB84-2FCD-4167-93DB-463565286966}.Release|Win32.Build.0 = Release
		{FD9FFB84-2FCD-4167-93DB-463565286966}.Universal Debug|Win32.ActiveCfg = Debug
		{FD9FFB84-2FCD-4167-93DB-463565286966}.Universal Release|Win32.ActiveCfg = Release
	EndGlobalSection
	GlobalSection(SolutionProperties) = preSolution
		HideSolutionNode = FALSE
	EndGlobalSection
	GlobalSection(ExtensibilityGlobals) = postSolution
		SolutionGuid = {2D68F394-060F-42FC-A742-E7D3CC95922E}
	EndGlobalSection
EndGlobal
